<Solution>
  <Project Path="SDJDPAssetManagementWinForms/SDJDPAssetManagementWinForms.csproj" />
  <Project Path="SDJDPAssetPortal/SDJDPAssetPortal.csproj" Id="85b8fd22-b05b-4620-911f-3561a106b87a" />
  <Project Path="SDJDPAssetPortalV2/SDJDPAssetPortalV2.csproj" Id="c81bff72-14cc-4f51-aee3-b8a1cc5bafe8" />
</Solution>
